// !$*UTF8*$!
{
	archiveVersion = 1;
	classes = {
	};
	objectVersion = 77;
	objects = {

/* Begin PBXBuildFile section */
		05EE096EDA81178E97D01297 /* CallSessionChecks.swift in Sources */ = {isa = PBXBuildFile; fileRef = 92762D1BC677BE3772248933 /* CallSessionChecks.swift */; };
		1A90D34FAAF6F468985D3333 /* VoiceAudioChecks.swift in Sources */ = {isa = PBXBuildFile; fileRef = 7B84ECB6124E26B693FF704E /* VoiceAudioChecks.swift */; };
		1B1AE2A116836EEB826EC067 /* RoastedApp.swift in Sources */ = {isa = PBXBuildFile; fileRef = 186754508AE6EE29409EE262 /* RoastedApp.swift */; };
		48858CF1EBF0A7CCB28BF352 /* NobodyTheme.swift in Sources */ = {isa = PBXBuildFile; fileRef = 5209A99787498730C3824F1C /* NobodyTheme.swift */; };
		5F02D0C40CC74C1E3065B64F /* CallSession.swift in Sources */ = {isa = PBXBuildFile; fileRef = AA2BE5ACDD26BF502AEA91BF /* CallSession.swift */; };
		6591D9FF826338B2E955D71C /* VoiceAudio.swift in Sources */ = {isa = PBXBuildFile; fileRef = EA6060B70BBBBB43C45C6019 /* VoiceAudio.swift */; };
		85F330382F7D98EE5902DCE1 /* HomeView.swift in Sources */ = {isa = PBXBuildFile; fileRef = 53D458DEDA143A92E52336F0 /* HomeView.swift */; };
		8BB9635C6C57EA233F927648 /* CallView.swift in Sources */ = {isa = PBXBuildFile; fileRef = B87F2FB5879ADA2887E6F414 /* CallView.swift */; };
		9951FD679BA37B01203AF04D /* ReceiptView.swift in Sources */ = {isa = PBXBuildFile; fileRef = 1DFB8E1BD36B49EF2CE0A21E /* ReceiptView.swift */; };
		9E545BEB232C2E7ACE543E28 /* HiggsVoiceClient.swift in Sources */ = {isa = PBXBuildFile; fileRef = BC98A0A1BCC3F4902B0564C6 /* HiggsVoiceClient.swift */; };
		BC5752C221E076B4B789E4D8 /* DemoBackend.swift in Sources */ = {isa = PBXBuildFile; fileRef = B553D1E9D842D98E62E4A9D2 /* DemoBackend.swift */; };
		C703E07511FF791F353F440F /* Assets.xcassets in Resources */ = {isa = PBXBuildFile; fileRef = EE71BA9F5C242D790C9AC267 /* Assets.xcassets */; };
		DEEC7D16E981B4F4E3BF8467 /* CallControlsView.swift in Sources */ = {isa = PBXBuildFile; fileRef = CF8E5B948384DE5BAEFAF7DD /* CallControlsView.swift */; };
/* End PBXBuildFile section */

/* Begin PBXContainerItemProxy section */
		0188B7AA54D19EAE474FE1FE /* PBXContainerItemProxy */ = {
			isa = PBXContainerItemProxy;
			containerPortal = 3303F4696A7651C4B3CCF344 /* Project object */;
			proxyType = 1;
			remoteGlobalIDString = 3AE0F1E8E66D522C84617B89;
			remoteInfo = Roasted;
		};
/* End PBXContainerItemProxy section */

/* Begin PBXFileReference section */
		186754508AE6EE29409EE262 /* RoastedApp.swift */ = {isa = PBXFileReference; lastKnownFileType = sourcecode.swift; path = RoastedApp.swift; sourceTree = "<group>"; };
		1DFB8E1BD36B49EF2CE0A21E /* ReceiptView.swift */ = {isa = PBXFileReference; lastKnownFileType = sourcecode.swift; path = ReceiptView.swift; sourceTree = "<group>"; };
		5209A99787498730C3824F1C /* NobodyTheme.swift */ = {isa = PBXFileReference; lastKnownFileType = sourcecode.swift; path = NobodyTheme.swift; sourceTree = "<group>"; };
		53D458DEDA143A92E52336F0 /* HomeView.swift */ = {isa = PBXFileReference; lastKnownFileType = sourcecode.swift; path = HomeView.swift; sourceTree = "<group>"; };
		7B84ECB6124E26B693FF704E /* VoiceAudioChecks.swift */ = {isa = PBXFileReference; lastKnownFileType = sourcecode.swift; path = VoiceAudioChecks.swift; sourceTree = "<group>"; };
		92762D1BC677BE3772248933 /* CallSessionChecks.swift */ = {isa = PBXFileReference; lastKnownFileType = sourcecode.swift; path = CallSessionChecks.swift; sourceTree = "<group>"; };
		AA2BE5ACDD26BF502AEA91BF /* CallSession.swift */ = {isa = PBXFileReference; lastKnownFileType = sourcecode.swift; path = CallSession.swift; sourceTree = "<group>"; };
		B553D1E9D842D98E62E4A9D2 /* DemoBackend.swift */ = {isa = PBXFileReference; lastKnownFileType = sourcecode.swift; path = DemoBackend.swift; sourceTree = "<group>"; };
		B87F2FB5879ADA2887E6F414 /* CallView.swift */ = {isa = PBXFileReference; lastKnownFileType = sourcecode.swift; path = CallView.swift; sourceTree = "<group>"; };
		BC98A0A1BCC3F4902B0564C6 /* HiggsVoiceClient.swift */ = {isa = PBXFileReference; lastKnownFileType = sourcecode.swift; path = HiggsVoiceClient.swift; sourceTree = "<group>"; };
		CF8E5B948384DE5BAEFAF7DD /* CallControlsView.swift */ = {isa = PBXFileReference; lastKnownFileType = sourcecode.swift; path = CallControlsView.swift; sourceTree = "<group>"; };
		E74C91BD3F87D1256344715F /* RoastedTests.xctest */ = {isa = PBXFileReference; includeInIndex = 0; lastKnownFileType = wrapper.cfbundle; path = RoastedTests.xctest; sourceTree = BUILT_PRODUCTS_DIR; };
		EA6060B70BBBBB43C45C6019 /* VoiceAudio.swift */ = {isa = PBXFileReference; lastKnownFileType = sourcecode.swift; path = VoiceAudio.swift; sourceTree = "<group>"; };
		EE71BA9F5C242D790C9AC267 /* Assets.xcassets */ = {isa = PBXFileReference; lastKnownFileType = folder.assetcatalog; path = Assets.xcassets; sourceTree = "<group>"; };
		FBA5E15B605BFB7A033B5B85 /* Roasted.app */ = {isa = PBXFileReference; includeInIndex = 0; lastKnownFileType = wrapper.application; path = Roasted.app; sourceTree = BUILT_PRODUCTS_DIR; };
/* End PBXFileReference section */

/* Begin PBXGroup section */
		1306B54F29778EB97F580563 /* Products */ = {
			isa = PBXGroup;
			children = (
				FBA5E15B605BFB7A033B5B85 /* Roasted.app */,
				E74C91BD3F87D1256344715F /* RoastedTests.xctest */,
			);
			name = Products;
			sourceTree = "<group>";
		};
		3F58D30F1A54C1182E92F1D3 /* Shared */ = {
			isa = PBXGroup;
			children = (
				CF8E5B948384DE5BAEFAF7DD /* CallControlsView.swift */,
				5209A99787498730C3824F1C /* NobodyTheme.swift */,
			);
			path = Shared;
			sourceTree = "<group>";
		};
		42B0EADEE5D183A8282BA8C7 /* Roasted */ = {
			isa = PBXGroup;
			children = (
				EE71BA9F5C242D790C9AC267 /* Assets.xcassets */,
				AA2BE5ACDD26BF502AEA91BF /* CallSession.swift */,
				B87F2FB5879ADA2887E6F414 /* CallView.swift */,
				B553D1E9D842D98E62E4A9D2 /* DemoBackend.swift */,
				BC98A0A1BCC3F4902B0564C6 /* HiggsVoiceClient.swift */,
				53D458DEDA143A92E52336F0 /* HomeView.swift */,
				1DFB8E1BD36B49EF2CE0A21E /* ReceiptView.swift */,
				186754508AE6EE29409EE262 /* RoastedApp.swift */,
				EA6060B70BBBBB43C45C6019 /* VoiceAudio.swift */,
				3F58D30F1A54C1182E92F1D3 /* Shared */,
			);
			path = Roasted;
			sourceTree = "<group>";
		};
		7AA803B57BE7BA913B127D46 /* Tests */ = {
			isa = PBXGroup;
			children = (
				92762D1BC677BE3772248933 /* CallSessionChecks.swift */,
				7B84ECB6124E26B693FF704E /* VoiceAudioChecks.swift */,
			);
			path = Tests;
			sourceTree = "<group>";
		};
		BAC35CA7747BDD0952E72A26 = {
			isa = PBXGroup;
			children = (
				42B0EADEE5D183A8282BA8C7 /* Roasted */,
				7AA803B57BE7BA913B127D46 /* Tests */,
				1306B54F29778EB97F580563 /* Products */,
			);
			sourceTree = "<group>";
		};
/* End PBXGroup section */

/* Begin PBXNativeTarget section */
		38E83D636F492A146E6C079D /* RoastedTests */ = {
			isa = PBXNativeTarget;
			buildConfigurationList = 790E49291799816FC1B22E95 /* Build configuration list for PBXNativeTarget "RoastedTests" */;
			buildPhases = (
				24D4A39A32ECF081D62C371A /* Sources */,
			);
			buildRules = (
			);
			dependencies = (
				FDC65FB0F4D7E10651541C1F /* PBXTargetDependency */,
			);
			name = RoastedTests;
			packageProductDependencies = (
			);
			productName = RoastedTests;
			productReference = E74C91BD3F87D1256344715F /* RoastedTests.xctest */;
			productType = "com.apple.product-type.bundle.unit-test";
		};
		3AE0F1E8E66D522C84617B89 /* Roasted */ = {
			isa = PBXNativeTarget;
			buildConfigurationList = 602BC06865492D4BC74D2CE5 /* Build configuration list for PBXNativeTarget "Roasted" */;
			buildPhases = (
				F44AA36ECDB4297903668D63 /* Sources */,
				424135938374B3331C341906 /* Resources */,
			);
			buildRules = (
			);
			dependencies = (
			);
			name = Roasted;
			packageProductDependencies = (
			);
			productName = Roasted;
			productReference = FBA5E15B605BFB7A033B5B85 /* Roasted.app */;
			productType = "com.apple.product-type.application";
		};
/* End PBXNativeTarget section */

/* Begin PBXProject section */
		3303F4696A7651C4B3CCF344 /* Project object */ = {
			isa = PBXProject;
			attributes = {
				BuildIndependentTargetsInParallel = YES;
				LastUpgradeCheck = 1430;
				TargetAttributes = {
					38E83D636F492A146E6C079D = {
						ProvisioningStyle = Automatic;
					};
					3AE0F1E8E66D522C84617B89 = {
						ProvisioningStyle = Automatic;
					};
				};
			};
			buildConfigurationList = E9056EC8DDAC42CDF81C1BF0 /* Build configuration list for PBXProject "Roasted" */;
			developmentRegion = en;
			hasScannedForEncodings = 0;
			knownRegions = (
				Base,
				en,
			);
			mainGroup = BAC35CA7747BDD0952E72A26;
			minimizedProjectReferenceProxies = 1;
			preferredProjectObjectVersion = 77;
			productRefGroup = 1306B54F29778EB97F580563 /* Products */;
			projectDirPath = "";
			projectRoot = "";
			targets = (
				3AE0F1E8E66D522C84617B89 /* Roasted */,
				38E83D636F492A146E6C079D /* RoastedTests */,
			);
		};
/* End PBXProject section */

/* Begin PBXResourcesBuildPhase section */
		424135938374B3331C341906 /* Resources */ = {
			isa = PBXResourcesBuildPhase;
			buildActionMask = 2147483647;
			files = (
				C703E07511FF791F353F440F /* Assets.xcassets in Resources */,
			);
			runOnlyForDeploymentPostprocessing = 0;
		};
/* End PBXResourcesBuildPhase section */

/* Begin PBXSourcesBuildPhase section */
		24D4A39A32ECF081D62C371A /* Sources */ = {
			isa = PBXSourcesBuildPhase;
			buildActionMask = 2147483647;
			files = (
				05EE096EDA81178E97D01297 /* CallSessionChecks.swift in Sources */,
				1A90D34FAAF6F468985D3333 /* VoiceAudioChecks.swift in Sources */,
			);
			runOnlyForDeploymentPostprocessing = 0;
		};
		F44AA36ECDB4297903668D63 /* Sources */ = {
			isa = PBXSourcesBuildPhase;
			buildActionMask = 2147483647;
			files = (
				DEEC7D16E981B4F4E3BF8467 /* CallControlsView.swift in Sources */,
				5F02D0C40CC74C1E3065B64F /* CallSession.swift in Sources */,
				8BB9635C6C57EA233F927648 /* CallView.swift in Sources */,
				BC5752C221E076B4B789E4D8 /* DemoBackend.swift in Sources */,
				9E545BEB232C2E7ACE543E28 /* HiggsVoiceClient.swift in Sources */,
				85F330382F7D98EE5902DCE1 /* HomeView.swift in Sources */,
				48858CF1EBF0A7CCB28BF352 /* NobodyTheme.swift in Sources */,
				9951FD679BA37B01203AF04D /* ReceiptView.swift in Sources */,
				1B1AE2A116836EEB826EC067 /* RoastedApp.swift in Sources */,
				6591D9FF826338B2E955D71C /* VoiceAudio.swift in Sources */,
			);
			runOnlyForDeploymentPostprocessing = 0;
		};
/* End PBXSourcesBuildPhase section */

/* Begin PBXTargetDependency section */
		FDC65FB0F4D7E10651541C1F /* PBXTargetDependency */ = {
			isa = PBXTargetDependency;
			target = 3AE0F1E8E66D522C84617B89 /* Roasted */;
			targetProxy = 0188B7AA54D19EAE474FE1FE /* PBXContainerItemProxy */;
		};
/* End PBXTargetDependency section */

/* Begin XCBuildConfiguration section */
		345D7B83D12D2A64FFB8AC83 /* Debug */ = {
			isa = XCBuildConfiguration;
			buildSettings = {
				ALWAYS_SEARCH_USER_PATHS = NO;
				CLANG_ANALYZER_NONNULL = YES;
				CLANG_ANALYZER_NUMBER_OBJECT_CONVERSION = YES_AGGRESSIVE;
				CLANG_CXX_LANGUAGE_STANDARD = "gnu++14";
				CLANG_CXX_LIBRARY = "libc++";
				CLANG_ENABLE_MODULES = YES;
				CLANG_ENABLE_OBJC_ARC = YES;
				CLANG_ENABLE_OBJC_WEAK = YES;
				CLANG_WARN_BLOCK_CAPTURE_AUTORELEASING = YES;
				CLANG_WARN_BOOL_CONVERSION = YES;
				CLANG_WARN_COMMA = YES;
				CLANG_WARN_CONSTANT_CONVERSION = YES;
				CLANG_WARN_DEPRECATED_OBJC_IMPLEMENTATIONS = YES;
				CLANG_WARN_DIRECT_OBJC_ISA_USAGE = YES_ERROR;
				CLANG_WARN_DOCUMENTATION_COMMENTS = YES;
				CLANG_WARN_EMPTY_BODY = YES;
				CLANG_WARN_ENUM_CONVERSION = YES;
				CLANG_WARN_INFINITE_RECURSION = YES;
				CLANG_WARN_INT_CONVERSION = YES;
				CLANG_WARN_NON_LITERAL_NULL_CONVERSION = YES;
				CLANG_WARN_OBJC_IMPLICIT_RETAIN_SELF = YES;
				CLANG_WARN_OBJC_LITERAL_CONVERSION = YES;
				CLANG_WARN_OBJC_ROOT_CLASS = YES_ERROR;
				CLANG_WARN_QUOTED_INCLUDE_IN_FRAMEWORK_HEADER = YES;
				CLANG_WARN_RANGE_LOOP_ANALYSIS = YES;
				CLANG_WARN_STRICT_PROTOTYPES = YES;
				CLANG_WARN_SUSPICIOUS_MOVE = YES;
				CLANG_WARN_UNGUARDED_AVAILABILITY = YES_AGGRESSIVE;
				CLANG_WARN_UNREACHABLE_CODE = YES;
				CLANG_WARN__DUPLICATE_METHOD_MATCH = YES;
				CODE_SIGN_STYLE = Automatic;
				COPY_PHASE_STRIP = NO;
				CURRENT_PROJECT_VERSION = 1;
				DEBUG_INFORMATION_FORMAT = dwarf;
				ENABLE_STRICT_OBJC_MSGSEND = YES;
				ENABLE_TESTABILITY = YES;
				GCC_C_LANGUAGE_STANDARD = gnu11;
				GCC_DYNAMIC_NO_PIC = NO;
				GCC_NO_COMMON_BLOCKS = YES;
				GCC_OPTIMIZATION_LEVEL = 0;
				GCC_PREPROCESSOR_DEFINITIONS = (
					"$(inherited)",
					"DEBUG=1",
				);
				GCC_WARN_64_TO_32_BIT_CONVERSION = YES;
				GCC_WARN_ABOUT_RETURN_TYPE = YES_ERROR;
				GCC_WARN_UNDECLARED_SELECTOR = YES;
				GCC_WARN_UNINITIALIZED_AUTOS = YES_AGGRESSIVE;
				GCC_WARN_UNUSED_FUNCTION = YES;
				GCC_WARN_UNUSED_VARIABLE = YES;
				IPHONEOS_DEPLOYMENT_TARGET = 17.0;
				MARKETING_VERSION = 0.1.0;
				MTL_ENABLE_DEBUG_INFO = INCLUDE_SOURCE;
				MTL_FAST_MATH = YES;
				ONLY_ACTIVE_ARCH = YES;
				PRODUCT_NAME = "$(TARGET_NAME)";
				SDKROOT = iphoneos;
				SWIFT_ACTIVE_COMPILATION_CONDITIONS = DEBUG;
				SWIFT_OPTIMIZATION_LEVEL = "-Onone";
				SWIFT_VERSION = 6.0;
			};
			name = Debug;
		};
		3873D9ED3CFB7EFCE6BB0192 /* Release */ = {
			isa = XCBuildConfiguration;
			buildSettings = {
				ASSETCATALOG_COMPILER_APPICON_NAME = AppIcon;
				CODE_SIGN_IDENTITY = "iPhone Developer";
				GENERATE_INFOPLIST_FILE = YES;
				INFOPLIST_KEY_CFBundleDisplayName = Roasted;
				INFOPLIST_KEY_NSLocalNetworkUsageDescription = "Connect securely to your Mac's Roasted demo backend for call access and learner memory.";
				INFOPLIST_KEY_NSMicrophoneUsageDescription = "Talk with Nobody in real time. Your voice is sent to Higgs for this call.";
				INFOPLIST_KEY_UIApplicationSceneManifest_Generation = YES;
				INFOPLIST_KEY_UILaunchScreen_Generation = YES;
				LD_RUNPATH_SEARCH_PATHS = (
					"$(inherited)",
					"@executable_path/Frameworks",
				);
				PRODUCT_BUNDLE_IDENTIFIER = dev.roasted.demo;
				SDKROOT = iphoneos;
				SUPPORTS_MACCATALYST = NO;
				TARGETED_DEVICE_FAMILY = 1;
			};
			name = Release;
		};
		77A346ED93BDC12673A0F13F /* Release */ = {
			isa = XCBuildConfiguration;
			buildSettings = {
				BUNDLE_LOADER = "$(TEST_HOST)";
				GENERATE_INFOPLIST_FILE = YES;
				LD_RUNPATH_SEARCH_PATHS = (
					"$(inherited)",
					"@executable_path/Frameworks",
					"@loader_path/Frameworks",
				);
				PRODUCT_BUNDLE_IDENTIFIER = dev.roasted.demo.tests;
				SDKROOT = iphoneos;
				TARGETED_DEVICE_FAMILY = "1,2";
				TEST_HOST = "$(BUILT_PRODUCTS_DIR)/Roasted.app/Roasted";
			};
			name = Release;
		};
		8A4F2EED17B57F3BDB8EC80B /* Debug */ = {
			isa = XCBuildConfiguration;
			buildSettings = {
				ASSETCATALOG_COMPILER_APPICON_NAME = AppIcon;
				CODE_SIGN_IDENTITY = "iPhone Developer";
				GENERATE_INFOPLIST_FILE = YES;
				INFOPLIST_KEY_CFBundleDisplayName = Roasted;
				INFOPLIST_KEY_NSLocalNetworkUsageDescription = "Connect securely to your Mac's Roasted demo backend for call access and learner memory.";
				INFOPLIST_KEY_NSMicrophoneUsageDescription = "Talk with Nobody in real time. Your voice is sent to Higgs for this call.";
				INFOPLIST_KEY_UIApplicationSceneManifest_Generation = YES;
				INFOPLIST_KEY_UILaunchScreen_Generation = YES;
				LD_RUNPATH_SEARCH_PATHS = (
					"$(inherited)",
					"@executable_path/Frameworks",
				);
				PRODUCT_BUNDLE_IDENTIFIER = dev.roasted.demo;
				SDKROOT = iphoneos;
				SUPPORTS_MACCATALYST = NO;
				TARGETED_DEVICE_FAMILY = 1;
			};
			name = Debug;
		};
		BC0A4E0AB1FD5A98A5E93E84 /* Release */ = {
			isa = XCBuildConfiguration;
			buildSettings = {
				ALWAYS_SEARCH_USER_PATHS = NO;
				CLANG_ANALYZER_NONNULL = YES;
				CLANG_ANALYZER_NUMBER_OBJECT_CONVERSION = YES_AGGRESSIVE;
				CLANG_CXX_LANGUAGE_STANDARD = "gnu++14";
				CLANG_CXX_LIBRARY = "libc++";
				CLANG_ENABLE_MODULES = YES;
				CLANG_ENABLE_OBJC_ARC = YES;
				CLANG_ENABLE_OBJC_WEAK = YES;
				CLANG_WARN_BLOCK_CAPTURE_AUTORELEASING = YES;
				CLANG_WARN_BOOL_CONVERSION = YES;
				CLANG_WARN_COMMA = YES;
				CLANG_WARN_CONSTANT_CONVERSION = YES;
				CLANG_WARN_DEPRECATED_OBJC_IMPLEMENTATIONS = YES;
				CLANG_WARN_DIRECT_OBJC_ISA_USAGE = YES_ERROR;
				CLANG_WARN_DOCUMENTATION_COMMENTS = YES;
				CLANG_WARN_EMPTY_BODY = YES;
				CLANG_WARN_ENUM_CONVERSION = YES;
				CLANG_WARN_INFINITE_RECURSION = YES;
				CLANG_WARN_INT_CONVERSION = YES;
				CLANG_WARN_NON_LITERAL_NULL_CONVERSION = YES;
				CLANG_WARN_OBJC_IMPLICIT_RETAIN_SELF = YES;
				CLANG_WARN_OBJC_LITERAL_CONVERSION = YES;
				CLANG_WARN_OBJC_ROOT_CLASS = YES_ERROR;
				CLANG_WARN_QUOTED_INCLUDE_IN_FRAMEWORK_HEADER = YES;
				CLANG_WARN_RANGE_LOOP_ANALYSIS = YES;
				CLANG_WARN_STRICT_PROTOTYPES = YES;
				CLANG_WARN_SUSPICIOUS_MOVE = YES;
				CLANG_WARN_UNGUARDED_AVAILABILITY = YES_AGGRESSIVE;
				CLANG_WARN_UNREACHABLE_CODE = YES;
				CLANG_WARN__DUPLICATE_METHOD_MATCH = YES;
				CODE_SIGN_STYLE = Automatic;
				COPY_PHASE_STRIP = NO;
				CURRENT_PROJECT_VERSION = 1;
				DEBUG_INFORMATION_FORMAT = "dwarf-with-dsym";
				ENABLE_NS_ASSERTIONS = NO;
				ENABLE_STRICT_OBJC_MSGSEND = YES;
				GCC_C_LANGUAGE_STANDARD = gnu11;
				GCC_NO_COMMON_BLOCKS = YES;
				GCC_WARN_64_TO_32_BIT_CONVERSION = YES;
				GCC_WARN_ABOUT_RETURN_TYPE = YES_ERROR;
				GCC_WARN_UNDECLARED_SELECTOR = YES;
				GCC_WARN_UNINITIALIZED_AUTOS = YES_AGGRESSIVE;
				GCC_WARN_UNUSED_FUNCTION = YES;
				GCC_WARN_UNUSED_VARIABLE = YES;
				IPHONEOS_DEPLOYMENT_TARGET = 17.0;
				MARKETING_VERSION = 0.1.0;
				MTL_ENABLE_DEBUG_INFO = NO;
				MTL_FAST_MATH = YES;
				PRODUCT_NAME = "$(TARGET_NAME)";
				SDKROOT = iphoneos;
				SWIFT_COMPILATION_MODE = wholemodule;
				SWIFT_OPTIMIZATION_LEVEL = "-O";
				SWIFT_VERSION = 6.0;
			};
			name = Release;
		};
		CD1E6E0054B17A83840412C3 /* Debug */ = {
			isa = XCBuildConfiguration;
			buildSettings = {
				BUNDLE_LOADER = "$(TEST_HOST)";
				GENERATE_INFOPLIST_FILE = YES;
				LD_RUNPATH_SEARCH_PATHS = (
					"$(inherited)",
					"@executable_path/Frameworks",
					"@loader_path/Frameworks",
				);
				PRODUCT_BUNDLE_IDENTIFIER = dev.roasted.demo.tests;
				SDKROOT = iphoneos;
				TARGETED_DEVICE_FAMILY = "1,2";
				TEST_HOST = "$(BUILT_PRODUCTS_DIR)/Roasted.app/Roasted";
			};
			name = Debug;
		};
/* End XCBuildConfiguration section */

/* Begin XCConfigurationList section */
		602BC06865492D4BC74D2CE5 /* Build configuration list for PBXNativeTarget "Roasted" */ = {
			isa = XCConfigurationList;
			buildConfigurations = (
				8A4F2EED17B57F3BDB8EC80B /* Debug */,
				3873D9ED3CFB7EFCE6BB0192 /* Release */,
			);
			defaultConfigurationIsVisible = 0;
			defaultConfigurationName = Debug;
		};
		790E49291799816FC1B22E95 /* Build configuration list for PBXNativeTarget "RoastedTests" */ = {
			isa = XCConfigurationList;
			buildConfigurations = (
				CD1E6E0054B17A83840412C3 /* Debug */,
				77A346ED93BDC12673A0F13F /* Release */,
			);
			defaultConfigurationIsVisible = 0;
			defaultConfigurationName = Debug;
		};
		E9056EC8DDAC42CDF81C1BF0 /* Build configuration list for PBXProject "Roasted" */ = {
			isa = XCConfigurationList;
			buildConfigurations = (
				345D7B83D12D2A64FFB8AC83 /* Debug */,
				BC0A4E0AB1FD5A98A5E93E84 /* Release */,
			);
			defaultConfigurationIsVisible = 0;
			defaultConfigurationName = Debug;
		};
/* End XCConfigurationList section */
	};
	rootObject = 3303F4696A7651C4B3CCF344 /* Project object */;
}
